<?xml version="1.0" encoding="utf-8"?>
<Project ToolsVersion="4.0" xmlns="http://schemas.microsoft.com/developer/msbuild/2003">
  <ItemGroup>
    <ClCompile Include="Source\main.cpp" />
    <ClCompile Include="Source\DepthFBO.cpp">
      <Filter>Utilities</Filter>
    </ClCompile>
    <ClCompile Include="Source\FontData.cpp">
      <Filter>Utilities</Filter>
    </ClCompile>
    <ClCompile Include="Source\LoadHmap.cpp">
      <Filter>Utilities</Filter>
    </ClCompile>
    <ClCompile Include="Source\LoadOBJ.cpp">
      <Filter>Utilities</Filter>
    </ClCompile>
    <ClCompile Include="Source\LoadTGA.cpp">
      <Filter>Utilities</Filter>
    </ClCompile>
    <ClCompile Include="Source\Mesh.cpp">
      <Filter>Utilities</Filter>
    </ClCompile>
    <ClCompile Include="Source\MeshBuilder.cpp">
      <Filter>Utilities</Filter>
    </ClCompile>
    <ClCompile Include="Source\MeshList.cpp">
      <Filter>Utilities</Filter>
    </ClCompile>
    <ClCompile Include="Source\MiniMap.cpp">
      <Filter>Utilities</Filter>
    </ClCompile>
    <ClCompile Include="Source\View.cpp">
      <Filter>View</Filter>
    </ClCompile>
    <ClCompile Include="Source\Model.cpp">
      <Filter>Model</Filter>
    </ClCompile>
    <ClCompile Include="Source\shader.cpp">
      <Filter>Utilities</Filter>
    </ClCompile>
    <ClCompile Include="Source\SpriteAnimation.cpp">
      <Filter>Utilities</Filter>
    </ClCompile>
    <ClCompile Include="Source\utilities.cpp">
      <Filter>Utilities</Filter>
    </ClCompile>
    <ClCompile Include="Source\Utility.cpp">
      <Filter>Utilities</Filter>
    </ClCompile>
    <ClCompile Include="Source\View_3D_Game.cpp">
      <Filter>View</Filter>
    </ClCompile>
    <ClCompile Include="Source\Controller.cpp">
      <Filter>Controller</Filter>
    </ClCompile>
    <ClCompile Include="Source\Camera.cpp">
      <Filter>Camera</Filter>
    </ClCompile>
    <ClCompile Include="Source\Object.cpp">
      <Filter>GameObject</Filter>
    </ClCompile>
    <ClCompile Include="Source\Controller_3D_Game.cpp">
      <Filter>Controller</Filter>
    </ClCompile>
    <ClCompile Include="Source\Collision.cpp">
      <Filter>Collision</Filter>
    </ClCompile>
    <ClCompile Include="Source\Camera3.cpp">
      <Filter>Camera</Filter>
    </ClCompile>
    <ClCompile Include="Source\Model_Gameplay.cpp">
      <Filter>Model</Filter>
    </ClCompile>
    <ClCompile Include="Source\Character.cpp">
      <Filter>Character</Filter>
    </ClCompile>
    <ClCompile Include="Source\Entity.cpp">
      <Filter>GameObject</Filter>
    </ClCompile>
  </ItemGroup>
  <ItemGroup>
    <ClInclude Include="Source\DepthFBO.h">
      <Filter>Utilities</Filter>
    </ClInclude>
    <ClInclude Include="Source\FontData.h">
      <Filter>Utilities</Filter>
    </ClInclude>
    <ClInclude Include="Source\Light.h">
      <Filter>Utilities</Filter>
    </ClInclude>
    <ClInclude Include="Source\LoadTGA.h">
      <Filter>Utilities</Filter>
    </ClInclude>
    <ClInclude Include="Source\LoadHmap.h">
      <Filter>Utilities</Filter>
    </ClInclude>
    <ClInclude Include="Source\LoadOBJ.h">
      <Filter>Utilities</Filter>
    </ClInclude>
    <ClInclude Include="Source\Material.h">
      <Filter>Utilities</Filter>
    </ClInclude>
    <ClInclude Include="Source\Mesh.h">
      <Filter>Utilities</Filter>
    </ClInclude>
    <ClInclude Include="Source\MeshBuilder.h">
      <Filter>Utilities</Filter>
    </ClInclude>
    <ClInclude Include="Source\MeshList.h">
      <Filter>Utilities</Filter>
    </ClInclude>
    <ClInclude Include="Source\MiniMap.h">
      <Filter>Utilities</Filter>
    </ClInclude>
    <ClInclude Include="Source\View.h">
      <Filter>View</Filter>
    </ClInclude>
    <ClInclude Include="Source\Model.h">
      <Filter>Model</Filter>
    </ClInclude>
    <ClInclude Include="Source\Vertex.h">
      <Filter>Utilities</Filter>
    </ClInclude>
    <ClInclude Include="Source\shader.hpp">
      <Filter>Utilities</Filter>
    </ClInclude>
    <ClInclude Include="Source\SpriteAnimation.h">
      <Filter>Utilities</Filter>
    </ClInclude>
    <ClInclude Include="Source\utilities.h">
      <Filter>Utilities</Filter>
    </ClInclude>
    <ClInclude Include="Source\Utility.h">
      <Filter>Utilities</Filter>
    </ClInclude>
    <ClInclude Include="Source\View_3D_Game.h">
      <Filter>View</Filter>
    </ClInclude>
    <ClInclude Include="Source\Camera.h">
      <Filter>Camera</Filter>
    </ClInclude>
    <ClInclude Include="Source\Object.h">
      <Filter>GameObject</Filter>
    </ClInclude>
    <ClInclude Include="Source\Controller_3D_Game.h">
      <Filter>Controller</Filter>
    </ClInclude>
    <ClInclude Include="Source\Controller.h">
      <Filter>Controller</Filter>
    </ClInclude>
    <ClInclude Include="Source\Collision.h">
      <Filter>Collision</Filter>
    </ClInclude>
    <ClInclude Include="Source\Camera3.h">
      <Filter>Camera</Filter>
    </ClInclude>
    <ClInclude Include="Source\Model_Gameplay.h">
      <Filter>Model</Filter>
    </ClInclude>
    <ClInclude Include="Source\Character.h">
      <Filter>Character</Filter>
    </ClInclude>
    <ClInclude Include="Source\Entity.h">
      <Filter>GameObject</Filter>
    </ClInclude>
  </ItemGroup>
  <ItemGroup>
    <Filter Include="Model">
      <UniqueIdentifier>{36734b91-d7d0-4bab-a726-92a4948932a4}</UniqueIdentifier>
    </Filter>
    <Filter Include="View">
      <UniqueIdentifier>{fd9023b6-7f7d-4868-8cd4-017b8c20803a}</UniqueIdentifier>
    </Filter>
    <Filter Include="Controller">
      <UniqueIdentifier>{9df616a7-7cd2-4dcd-8668-1ce91ddaf187}</UniqueIdentifier>
    </Filter>
    <Filter Include="Utilities">
      <UniqueIdentifier>{dc2cf451-ccc7-4e9c-8ddd-675f94ee2bb9}</UniqueIdentifier>
    </Filter>
    <Filter Include="Collision">
      <UniqueIdentifier>{181892ad-9ca1-449b-b21f-058a377079e4}</UniqueIdentifier>
    </Filter>
    <Filter Include="Camera">
      <UniqueIdentifier>{16574616-90f9-44c7-91e2-a78bc8d708fa}</UniqueIdentifier>
    </Filter>
    <Filter Include="GameObject">
      <UniqueIdentifier>{dd69fdcd-32f8-40cd-a262-5bd29717fc42}</UniqueIdentifier>
    </Filter>
    <Filter Include="Character">
      <UniqueIdentifier>{b917bf8b-b6da-40f7-a758-d8a03f05f28c}</UniqueIdentifier>
    </Filter>
  </ItemGroup>
</Project>